
Microsoft Visual Studio Solution File, Format Version 12.00
# Visual Studio 14
VisualStudioVersion = 14.0.25123.0
MinimumVisualStudioVersion = 10.0.40219.1
Project("{FAE04EC0-301F-11D3-BF4B-00C04F79EFBC}") = "PD_Medicine", "PD-Medicine\PD_Medicine.csproj", "{1EFB9B45-8160-428A-8766-D9B16A7E45BA}"
EndProject
Project("{FAE04EC0-301F-11D3-BF4B-00C04F79EFBC}") = "DataAccess", "DataAccess\DataAccess.csproj", "{E7601084-5098-4B91-BB89-B7802CC21AC1}"
EndProject
Global
	GlobalSection(SolutionConfigurationPlatforms) = preSolution
		Debug|Any CPU = Debug|Any CPU
		Release|Any CPU = Release|Any CPU
	EndGlobalSection
	GlobalSection(ProjectConfigurationPlatforms) = postSolution
		{1EFB9B45-8160-428A-8766-D9B16A7E45BA}.Debug|Any CPU.ActiveCfg = Debug|Any CPU
		{1EFB9B45-8160-428A-8766-D9B16A7E45BA}.Debug|Any CPU.Build.0 = Debug|Any CPU
		{1EFB9B45-8160-428A-8766-D9B16A7E45BA}.Release|Any CPU.ActiveCfg = Release|Any CPU
		{1EFB9B45-8160-428A-8766-D9B16A7E45BA}.Release|Any CPU.Build.0 = Release|Any CPU
		{E7601084-5098-4B91-BB89-B7802CC21AC1}.Debug|Any CPU.ActiveCfg = Debug|Any CPU
		{E7601084-5098-4B91-BB89-B7802CC21AC1}.Debug|Any CPU.Build.0 = Debug|Any CPU
		{E7601084-5098-4B91-BB89-B7802CC21AC1}.Release|Any CPU.ActiveCfg = Release|Any CPU
		{E7601084-5098-4B91-BB89-B7802CC21AC1}.Release|Any CPU.Build.0 = Release|Any CPU
	EndGlobalSection
	GlobalSection(SolutionProperties) = preSolution
		HideSolutionNode = FALSE
	EndGlobalSection
EndGlobal
